
Microsoft Visual Studio Solution File, Format Version 12.00
# Visual Studio 15
VisualStudioVersion = 15.0.26124.0
MinimumVisualStudioVersion = 15.0.26124.0
Project("{2150E333-8FDC-42A3-9474-1A3956D46DE8}") = "src", "src", "{D8524AB3-1E51-442B-960B-7E76A493DCAF}"
EndProject
Project("{FAE04EC0-301F-11D3-BF4B-00C04F79EFBC}") = "Warehouse", "src\Warehouse\Warehouse.csproj", "{C6783F09-04F8-40E6-ACE3-3FF8A7A95594}"
EndProject
Project("{FAE04EC0-301F-11D3-BF4B-00C04F79EFBC}") = "Warehouse.Abstractions", "src\Warehouse.Abstractions\Warehouse.Abstractions.csproj", "{AEBB1C6E-77BA-49A2-9F82-4A4694DBE13C}"
EndProject
Project("{FAE04EC0-301F-11D3-BF4B-00C04F79EFBC}") = "Warehouse.Database", "src\Warehouse.Database\Warehouse.Database.csproj", "{573BEBE3-4845-4442-B15B-13E240186445}"
EndProject
Project("{FAE04EC0-301F-11D3-BF4B-00C04F79EFBC}") = "Warehouse.Database.Postgres", "src\Warehouse.Database.Postgres\Warehouse.Database.Postgres.csproj", "{246111DD-6BE4-42B3-9490-FC97D9850F59}"
EndProject
Project("{FAE04EC0-301F-11D3-BF4B-00C04F79EFBC}") = "Warehouse.Database.SqlServer", "src\Warehouse.Database.SqlServer\Warehouse.Database.SqlServer.csproj", "{731C6663-9EF9-40C9-8323-7076FC65985E}"
EndProject
Project("{2150E333-8FDC-42A3-9474-1A3956D46DE8}") = "test", "test", "{EE91839A-CC55-4728-87F6-873DD5410844}"
EndProject
Project("{FAE04EC0-301F-11D3-BF4B-00C04F79EFBC}") = "Warehouse.Tests", "test\Warehouse.Tests\Warehouse.Tests.csproj", "{7A1D7DC1-E24A-4FF9-A339-EDF156314432}"
EndProject
Project("{FAE04EC0-301F-11D3-BF4B-00C04F79EFBC}") = "Warehouse.Database.Tests", "test\Warehouse.Database.Tests\Warehouse.Database.Tests.csproj", "{6720ED4B-93E4-4429-92FF-F3353F84800A}"
EndProject
Project("{FAE04EC0-301F-11D3-BF4B-00C04F79EFBC}") = "Warehouse.Database.Postgres.Tests", "test\Warehouse.Database.Postgres.Tests\Warehouse.Database.Postgres.Tests.csproj", "{0F2415B5-558C-459D-8086-78858786B94D}"
EndProject
Project("{2150E333-8FDC-42A3-9474-1A3956D46DE8}") = "samples", "samples", "{452BE9F5-4E50-4249-8346-9A0B90B2441F}"
EndProject
Project("{FAE04EC0-301F-11D3-BF4B-00C04F79EFBC}") = "Application.Console", "samples\Application.Console\Application.Console.csproj", "{705FB4C5-9F18-4F8E-B026-F84E77C8B2ED}"
EndProject
Project("{FAE04EC0-301F-11D3-BF4B-00C04F79EFBC}") = "Application.Web", "samples\Application.Web\Application.Web.csproj", "{E4AC6B93-96B0-4180-B9CB-C6D66AE78AB2}"
EndProject
Global
	GlobalSection(SolutionConfigurationPlatforms) = preSolution
		Debug|Any CPU = Debug|Any CPU
		Debug|x64 = Debug|x64
		Debug|x86 = Debug|x86
		Release|Any CPU = Release|Any CPU
		Release|x64 = Release|x64
		Release|x86 = Release|x86
	EndGlobalSection
	GlobalSection(SolutionProperties) = preSolution
		HideSolutionNode = FALSE
	EndGlobalSection
	GlobalSection(ProjectConfigurationPlatforms) = postSolution
		{C6783F09-04F8-40E6-ACE3-3FF8A7A95594}.Debug|Any CPU.ActiveCfg = Debug|Any CPU
		{C6783F09-04F8-40E6-ACE3-3FF8A7A95594}.Debug|Any CPU.Build.0 = Debug|Any CPU
		{C6783F09-04F8-40E6-ACE3-3FF8A7A95594}.Debug|x64.ActiveCfg = Debug|Any CPU
		{C6783F09-04F8-40E6-ACE3-3FF8A7A95594}.Debug|x64.Build.0 = Debug|Any CPU
		{C6783F09-04F8-40E6-ACE3-3FF8A7A95594}.Debug|x86.ActiveCfg = Debug|Any CPU
		{C6783F09-04F8-40E6-ACE3-3FF8A7A95594}.Debug|x86.Build.0 = Debug|Any CPU
		{C6783F09-04F8-40E6-ACE3-3FF8A7A95594}.Release|Any CPU.ActiveCfg = Release|Any CPU
		{C6783F09-04F8-40E6-ACE3-3FF8A7A95594}.Release|Any CPU.Build.0 = Release|Any CPU
		{C6783F09-04F8-40E6-ACE3-3FF8A7A95594}.Release|x64.ActiveCfg = Release|Any CPU
		{C6783F09-04F8-40E6-ACE3-3FF8A7A95594}.Release|x64.Build.0 = Release|Any CPU
		{C6783F09-04F8-40E6-ACE3-3FF8A7A95594}.Release|x86.ActiveCfg = Release|Any CPU
		{C6783F09-04F8-40E6-ACE3-3FF8A7A95594}.Release|x86.Build.0 = Release|Any CPU
		{AEBB1C6E-77BA-49A2-9F82-4A4694DBE13C}.Debug|Any CPU.ActiveCfg = Debug|Any CPU
		{AEBB1C6E-77BA-49A2-9F82-4A4694DBE13C}.Debug|Any CPU.Build.0 = Debug|Any CPU
		{AEBB1C6E-77BA-49A2-9F82-4A4694DBE13C}.Debug|x64.ActiveCfg = Debug|Any CPU
		{AEBB1C6E-77BA-49A2-9F82-4A4694DBE13C}.Debug|x64.Build.0 = Debug|Any CPU
		{AEBB1C6E-77BA-49A2-9F82-4A4694DBE13C}.Debug|x86.ActiveCfg = Debug|Any CPU
		{AEBB1C6E-77BA-49A2-9F82-4A4694DBE13C}.Debug|x86.Build.0 = Debug|Any CPU
		{AEBB1C6E-77BA-49A2-9F82-4A4694DBE13C}.Release|Any CPU.ActiveCfg = Release|Any CPU
		{AEBB1C6E-77BA-49A2-9F82-4A4694DBE13C}.Release|Any CPU.Build.0 = Release|Any CPU
		{AEBB1C6E-77BA-49A2-9F82-4A4694DBE13C}.Release|x64.ActiveCfg = Release|Any CPU
		{AEBB1C6E-77BA-49A2-9F82-4A4694DBE13C}.Release|x64.Build.0 = Release|Any CPU
		{AEBB1C6E-77BA-49A2-9F82-4A4694DBE13C}.Release|x86.ActiveCfg = Release|Any CPU
		{AEBB1C6E-77BA-49A2-9F82-4A4694DBE13C}.Release|x86.Build.0 = Release|Any CPU
		{573BEBE3-4845-4442-B15B-13E240186445}.Debug|Any CPU.ActiveCfg = Debug|Any CPU
		{573BEBE3-4845-4442-B15B-13E240186445}.Debug|Any CPU.Build.0 = Debug|Any CPU
		{573BEBE3-4845-4442-B15B-13E240186445}.Debug|x64.ActiveCfg = Debug|Any CPU
		{573BEBE3-4845-4442-B15B-13E240186445}.Debug|x64.Build.0 = Debug|Any CPU
		{573BEBE3-4845-4442-B15B-13E240186445}.Debug|x86.ActiveCfg = Debug|Any CPU
		{573BEBE3-4845-4442-B15B-13E240186445}.Debug|x86.Build.0 = Debug|Any CPU
		{573BEBE3-4845-4442-B15B-13E240186445}.Release|Any CPU.ActiveCfg = Release|Any CPU
		{573BEBE3-4845-4442-B15B-13E240186445}.Release|Any CPU.Build.0 = Release|Any CPU
		{573BEBE3-4845-4442-B15B-13E240186445}.Release|x64.ActiveCfg = Release|Any CPU
		{573BEBE3-4845-4442-B15B-13E240186445}.Release|x64.Build.0 = Release|Any CPU
		{573BEBE3-4845-4442-B15B-13E240186445}.Release|x86.ActiveCfg = Release|Any CPU
		{573BEBE3-4845-4442-B15B-13E240186445}.Release|x86.Build.0 = Release|Any CPU
		{246111DD-6BE4-42B3-9490-FC97D9850F59}.Debug|Any CPU.ActiveCfg = Debug|Any CPU
		{246111DD-6BE4-42B3-9490-FC97D9850F59}.Debug|Any CPU.Build.0 = Debug|Any CPU
		{246111DD-6BE4-42B3-9490-FC97D9850F59}.Debug|x64.ActiveCfg = Debug|Any CPU
		{246111DD-6BE4-42B3-9490-FC97D9850F59}.Debug|x64.Build.0 = Debug|Any CPU
		{246111DD-6BE4-42B3-9490-FC97D9850F59}.Debug|x86.ActiveCfg = Debug|Any CPU
		{246111DD-6BE4-42B3-9490-FC97D9850F59}.Debug|x86.Build.0 = Debug|Any CPU
		{246111DD-6BE4-42B3-9490-FC97D9850F59}.Release|Any CPU.ActiveCfg = Release|Any CPU
		{246111DD-6BE4-42B3-9490-FC97D9850F59}.Release|Any CPU.Build.0 = Release|Any CPU
		{246111DD-6BE4-42B3-9490-FC97D9850F59}.Release|x64.ActiveCfg = Release|Any CPU
		{246111DD-6BE4-42B3-9490-FC97D9850F59}.Release|x64.Build.0 = Release|Any CPU
		{246111DD-6BE4-42B3-9490-FC97D9850F59}.Release|x86.ActiveCfg = Release|Any CPU
		{246111DD-6BE4-42B3-9490-FC97D9850F59}.Release|x86.Build.0 = Release|Any CPU
		{7A1D7DC1-E24A-4FF9-A339-EDF156314432}.Debug|Any CPU.ActiveCfg = Debug|Any CPU
		{7A1D7DC1-E24A-4FF9-A339-EDF156314432}.Debug|Any CPU.Build.0 = Debug|Any CPU
		{7A1D7DC1-E24A-4FF9-A339-EDF156314432}.Debug|x64.ActiveCfg = Debug|Any CPU
		{7A1D7DC1-E24A-4FF9-A339-EDF156314432}.Debug|x64.Build.0 = Debug|Any CPU
		{7A1D7DC1-E24A-4FF9-A339-EDF156314432}.Debug|x86.ActiveCfg = Debug|Any CPU
		{7A1D7DC1-E24A-4FF9-A339-EDF156314432}.Debug|x86.Build.0 = Debug|Any CPU
		{7A1D7DC1-E24A-4FF9-A339-EDF156314432}.Release|Any CPU.ActiveCfg = Release|Any CPU
		{7A1D7DC1-E24A-4FF9-A339-EDF156314432}.Release|Any CPU.Build.0 = Release|Any CPU
		{7A1D7DC1-E24A-4FF9-A339-EDF156314432}.Release|x64.ActiveCfg = Release|Any CPU
		{7A1D7DC1-E24A-4FF9-A339-EDF156314432}.Release|x64.Build.0 = Release|Any CPU
		{7A1D7DC1-E24A-4FF9-A339-EDF156314432}.Release|x86.ActiveCfg = Release|Any CPU
		{7A1D7DC1-E24A-4FF9-A339-EDF156314432}.Release|x86.Build.0 = Release|Any CPU
		{6720ED4B-93E4-4429-92FF-F3353F84800A}.Debug|Any CPU.ActiveCfg = Debug|Any CPU
		{6720ED4B-93E4-4429-92FF-F3353F84800A}.Debug|Any CPU.Build.0 = Debug|Any CPU
		{6720ED4B-93E4-4429-92FF-F3353F84800A}.Debug|x64.ActiveCfg = Debug|Any CPU
		{6720ED4B-93E4-4429-92FF-F3353F84800A}.Debug|x64.Build.0 = Debug|Any CPU
		{6720ED4B-93E4-4429-92FF-F3353F84800A}.Debug|x86.ActiveCfg = Debug|Any CPU
		{6720ED4B-93E4-4429-92FF-F3353F84800A}.Debug|x86.Build.0 = Debug|Any CPU
		{6720ED4B-93E4-4429-92FF-F3353F84800A}.Release|Any CPU.ActiveCfg = Release|Any CPU
		{6720ED4B-93E4-4429-92FF-F3353F84800A}.Release|Any CPU.Build.0 = Release|Any CPU
		{6720ED4B-93E4-4429-92FF-F3353F84800A}.Release|x64.ActiveCfg = Release|Any CPU
		{6720ED4B-93E4-4429-92FF-F3353F84800A}.Release|x64.Build.0 = Release|Any CPU
		{6720ED4B-93E4-4429-92FF-F3353F84800A}.Release|x86.ActiveCfg = Release|Any CPU
		{6720ED4B-93E4-4429-92FF-F3353F84800A}.Release|x86.Build.0 = Release|Any CPU
		{0F2415B5-558C-459D-8086-78858786B94D}.Debug|Any CPU.ActiveCfg = Debug|Any CPU
		{0F2415B5-558C-459D-8086-78858786B94D}.Debug|Any CPU.Build.0 = Debug|Any CPU
		{0F2415B5-558C-459D-8086-78858786B94D}.Debug|x64.ActiveCfg = Debug|Any CPU
		{0F2415B5-558C-459D-8086-78858786B94D}.Debug|x64.Build.0 = Debug|Any CPU
		{0F2415B5-558C-459D-8086-78858786B94D}.Debug|x86.ActiveCfg = Debug|Any CPU
		{0F2415B5-558C-459D-8086-78858786B94D}.Debug|x86.Build.0 = Debug|Any CPU
		{0F2415B5-558C-459D-8086-78858786B94D}.Release|Any CPU.ActiveCfg = Release|Any CPU
		{0F2415B5-558C-459D-8086-78858786B94D}.Release|Any CPU.Build.0 = Release|Any CPU
		{0F2415B5-558C-459D-8086-78858786B94D}.Release|x64.ActiveCfg = Release|Any CPU
		{0F2415B5-558C-459D-8086-78858786B94D}.Release|x64.Build.0 = Release|Any CPU
		{0F2415B5-558C-459D-8086-78858786B94D}.Release|x86.ActiveCfg = Release|Any CPU
		{0F2415B5-558C-459D-8086-78858786B94D}.Release|x86.Build.0 = Release|Any CPU
		{705FB4C5-9F18-4F8E-B026-F84E77C8B2ED}.Debug|Any CPU.ActiveCfg = Debug|Any CPU
		{705FB4C5-9F18-4F8E-B026-F84E77C8B2ED}.Debug|Any CPU.Build.0 = Debug|Any CPU
		{705FB4C5-9F18-4F8E-B026-F84E77C8B2ED}.Debug|x64.ActiveCfg = Debug|Any CPU
		{705FB4C5-9F18-4F8E-B026-F84E77C8B2ED}.Debug|x64.Build.0 = Debug|Any CPU
		{705FB4C5-9F18-4F8E-B026-F84E77C8B2ED}.Debug|x86.ActiveCfg = Debug|Any CPU
		{705FB4C5-9F18-4F8E-B026-F84E77C8B2ED}.Debug|x86.Build.0 = Debug|Any CPU
		{705FB4C5-9F18-4F8E-B026-F84E77C8B2ED}.Release|Any CPU.ActiveCfg = Release|Any CPU
		{705FB4C5-9F18-4F8E-B026-F84E77C8B2ED}.Release|Any CPU.Build.0 = Release|Any CPU
		{705FB4C5-9F18-4F8E-B026-F84E77C8B2ED}.Release|x64.ActiveCfg = Release|Any CPU
		{705FB4C5-9F18-4F8E-B026-F84E77C8B2ED}.Release|x64.Build.0 = Release|Any CPU
		{705FB4C5-9F18-4F8E-B026-F84E77C8B2ED}.Release|x86.ActiveCfg = Release|Any CPU
		{705FB4C5-9F18-4F8E-B026-F84E77C8B2ED}.Release|x86.Build.0 = Release|Any CPU
		{E4AC6B93-96B0-4180-B9CB-C6D66AE78AB2}.Debug|Any CPU.ActiveCfg = Debug|Any CPU
		{E4AC6B93-96B0-4180-B9CB-C6D66AE78AB2}.Debug|Any CPU.Build.0 = Debug|Any CPU
		{E4AC6B93-96B0-4180-B9CB-C6D66AE78AB2}.Debug|x64.ActiveCfg = Debug|Any CPU
		{E4AC6B93-96B0-4180-B9CB-C6D66AE78AB2}.Debug|x64.Build.0 = Debug|Any CPU
		{E4AC6B93-96B0-4180-B9CB-C6D66AE78AB2}.Debug|x86.ActiveCfg = Debug|Any CPU
		{E4AC6B93-96B0-4180-B9CB-C6D66AE78AB2}.Debug|x86.Build.0 = Debug|Any CPU
		{E4AC6B93-96B0-4180-B9CB-C6D66AE78AB2}.Release|Any CPU.ActiveCfg = Release|Any CPU
		{E4AC6B93-96B0-4180-B9CB-C6D66AE78AB2}.Release|Any CPU.Build.0 = Release|Any CPU
		{E4AC6B93-96B0-4180-B9CB-C6D66AE78AB2}.Release|x64.ActiveCfg = Release|Any CPU
		{E4AC6B93-96B0-4180-B9CB-C6D66AE78AB2}.Release|x64.Build.0 = Release|Any CPU
		{E4AC6B93-96B0-4180-B9CB-C6D66AE78AB2}.Release|x86.ActiveCfg = Release|Any CPU
		{E4AC6B93-96B0-4180-B9CB-C6D66AE78AB2}.Release|x86.Build.0 = Release|Any CPU
		{731C6663-9EF9-40C9-8323-7076FC65985E}.Debug|Any CPU.ActiveCfg = Debug|Any CPU
		{731C6663-9EF9-40C9-8323-7076FC65985E}.Debug|Any CPU.Build.0 = Debug|Any CPU
		{731C6663-9EF9-40C9-8323-7076FC65985E}.Debug|x64.ActiveCfg = Debug|Any CPU
		{731C6663-9EF9-40C9-8323-7076FC65985E}.Debug|x64.Build.0 = Debug|Any CPU
		{731C6663-9EF9-40C9-8323-7076FC65985E}.Debug|x86.ActiveCfg = Debug|Any CPU
		{731C6663-9EF9-40C9-8323-7076FC65985E}.Debug|x86.Build.0 = Debug|Any CPU
		{731C6663-9EF9-40C9-8323-7076FC65985E}.Release|Any CPU.ActiveCfg = Release|Any CPU
		{731C6663-9EF9-40C9-8323-7076FC65985E}.Release|Any CPU.Build.0 = Release|Any CPU
		{731C6663-9EF9-40C9-8323-7076FC65985E}.Release|x64.ActiveCfg = Release|Any CPU
		{731C6663-9EF9-40C9-8323-7076FC65985E}.Release|x64.Build.0 = Release|Any CPU
		{731C6663-9EF9-40C9-8323-7076FC65985E}.Release|x86.ActiveCfg = Release|Any CPU
		{731C6663-9EF9-40C9-8323-7076FC65985E}.Release|x86.Build.0 = Release|Any CPU
	EndGlobalSection
	GlobalSection(NestedProjects) = preSolution
		{C6783F09-04F8-40E6-ACE3-3FF8A7A95594} = {D8524AB3-1E51-442B-960B-7E76A493DCAF}
		{AEBB1C6E-77BA-49A2-9F82-4A4694DBE13C} = {D8524AB3-1E51-442B-960B-7E76A493DCAF}
		{573BEBE3-4845-4442-B15B-13E240186445} = {D8524AB3-1E51-442B-960B-7E76A493DCAF}
		{246111DD-6BE4-42B3-9490-FC97D9850F59} = {D8524AB3-1E51-442B-960B-7E76A493DCAF}
		{7A1D7DC1-E24A-4FF9-A339-EDF156314432} = {EE91839A-CC55-4728-87F6-873DD5410844}
		{6720ED4B-93E4-4429-92FF-F3353F84800A} = {EE91839A-CC55-4728-87F6-873DD5410844}
		{0F2415B5-558C-459D-8086-78858786B94D} = {EE91839A-CC55-4728-87F6-873DD5410844}
		{705FB4C5-9F18-4F8E-B026-F84E77C8B2ED} = {452BE9F5-4E50-4249-8346-9A0B90B2441F}
		{E4AC6B93-96B0-4180-B9CB-C6D66AE78AB2} = {452BE9F5-4E50-4249-8346-9A0B90B2441F}
		{731C6663-9EF9-40C9-8323-7076FC65985E} = {D8524AB3-1E51-442B-960B-7E76A493DCAF}
	EndGlobalSection
EndGlobal
