
Microsoft Visual Studio Solution File, Format Version 12.00
# Visual Studio 15
VisualStudioVersion = 15.0.26124.0
MinimumVisualStudioVersion = 15.0.26124.0
Project("{2150E333-8FDC-42A3-9474-1A3956D46DE8}") = "src", "src", "{B08E661D-B252-4338-8217-65BDC8966EE7}"
EndProject
Project("{FAE04EC0-301F-11D3-BF4B-00C04F79EFBC}") = "Warehouse", "src\Warehouse\Warehouse.csproj", "{900F5E87-24AD-44E6-A242-F0FDFD13B7D3}"
EndProject
Project("{FAE04EC0-301F-11D3-BF4B-00C04F79EFBC}") = "Warehouse.Abstractions", "src\Warehouse.Abstractions\Warehouse.Abstractions.csproj", "{DB760914-E9A8-47A4-88C0-1819D081C6D5}"
EndProject
Project("{FAE04EC0-301F-11D3-BF4B-00C04F79EFBC}") = "Warehouse.Database", "src\Warehouse.Database\Warehouse.Database.csproj", "{8B2F187A-6BD2-42E7-B3E7-595C1D7D9363}"
EndProject
Project("{FAE04EC0-301F-11D3-BF4B-00C04F79EFBC}") = "Warehouse.PostgreSQL", "src\Warehouse.PostgreSQL\Warehouse.PostgreSQL.csproj", "{B884301F-7F63-4EBC-990F-A4662EA5FE51}"
EndProject
Project("{FAE04EC0-301F-11D3-BF4B-00C04F79EFBC}") = "Warehouse.SqlServer", "src\Warehouse.SqlServer\Warehouse.SqlServer.csproj", "{831816CC-4A55-4860-9DD1-06AA56F32535}"
EndProject
Project("{2150E333-8FDC-42A3-9474-1A3956D46DE8}") = "test", "test", "{6D1A3CF1-ED74-4A0E-967D-0D81B86530B0}"
EndProject
Project("{FAE04EC0-301F-11D3-BF4B-00C04F79EFBC}") = "Warehouse.Tests", "test\Warehouse.Tests\Warehouse.Tests.csproj", "{1C77D03E-FE49-47FB-B4EF-499A7C4D7E8F}"
EndProject
Project("{FAE04EC0-301F-11D3-BF4B-00C04F79EFBC}") = "Warehouse.Database.Tests", "test\Warehouse.Database.Tests\Warehouse.Database.Tests.csproj", "{22424B4C-6E94-4A4A-BA4E-0B1F6A523AFB}"
EndProject
Project("{FAE04EC0-301F-11D3-BF4B-00C04F79EFBC}") = "Warehouse.PostgreSQL.Test", "test\Warehouse.PostgreSQL.Test\Warehouse.PostgreSQL.Test.csproj", "{68E9290A-B66B-470B-BEB2-BEDAACC08B3A}"
EndProject
Project("{FAE04EC0-301F-11D3-BF4B-00C04F79EFBC}") = "Warehouse.SqlServer.Test", "test\Warehouse.SqlServer.Test\Warehouse.SqlServer.Test.csproj", "{0B2FF80A-ECD6-4FC4-BEA9-BFEB3B184202}"
EndProject
Project("{2150E333-8FDC-42A3-9474-1A3956D46DE8}") = "samples", "samples", "{D1D44751-31A1-427A-BB7F-FCC18C5410E9}"
EndProject
Project("{FAE04EC0-301F-11D3-BF4B-00C04F79EFBC}") = "Application.Console", "samples\Application.Console\Application.Console.csproj", "{27121BB8-3A5D-4CB0-9FCB-8839E58A1C40}"
EndProject
Project("{FAE04EC0-301F-11D3-BF4B-00C04F79EFBC}") = "Application.Web", "samples\Application.Web\Application.Web.csproj", "{0D9E82E6-2083-4904-9231-11081C8415EF}"
EndProject
Project("{FAE04EC0-301F-11D3-BF4B-00C04F79EFBC}") = "Warehouse.Functional.Tests", "test\Warehouse.Functional.Tests\Warehouse.Functional.Tests.csproj", "{B8740E7A-B56E-429F-87C3-244CFE1BCDCC}"
EndProject
Global
	GlobalSection(SolutionConfigurationPlatforms) = preSolution
		Debug|Any CPU = Debug|Any CPU
		Debug|x64 = Debug|x64
		Debug|x86 = Debug|x86
		Release|Any CPU = Release|Any CPU
		Release|x64 = Release|x64
		Release|x86 = Release|x86
	EndGlobalSection
	GlobalSection(SolutionProperties) = preSolution
		HideSolutionNode = FALSE
	EndGlobalSection
	GlobalSection(ProjectConfigurationPlatforms) = postSolution
		{900F5E87-24AD-44E6-A242-F0FDFD13B7D3}.Debug|Any CPU.ActiveCfg = Debug|Any CPU
		{900F5E87-24AD-44E6-A242-F0FDFD13B7D3}.Debug|Any CPU.Build.0 = Debug|Any CPU
		{900F5E87-24AD-44E6-A242-F0FDFD13B7D3}.Debug|x64.ActiveCfg = Debug|Any CPU
		{900F5E87-24AD-44E6-A242-F0FDFD13B7D3}.Debug|x64.Build.0 = Debug|Any CPU
		{900F5E87-24AD-44E6-A242-F0FDFD13B7D3}.Debug|x86.ActiveCfg = Debug|Any CPU
		{900F5E87-24AD-44E6-A242-F0FDFD13B7D3}.Debug|x86.Build.0 = Debug|Any CPU
		{900F5E87-24AD-44E6-A242-F0FDFD13B7D3}.Release|Any CPU.ActiveCfg = Release|Any CPU
		{900F5E87-24AD-44E6-A242-F0FDFD13B7D3}.Release|Any CPU.Build.0 = Release|Any CPU
		{900F5E87-24AD-44E6-A242-F0FDFD13B7D3}.Release|x64.ActiveCfg = Release|Any CPU
		{900F5E87-24AD-44E6-A242-F0FDFD13B7D3}.Release|x64.Build.0 = Release|Any CPU
		{900F5E87-24AD-44E6-A242-F0FDFD13B7D3}.Release|x86.ActiveCfg = Release|Any CPU
		{900F5E87-24AD-44E6-A242-F0FDFD13B7D3}.Release|x86.Build.0 = Release|Any CPU
		{DB760914-E9A8-47A4-88C0-1819D081C6D5}.Debug|Any CPU.ActiveCfg = Debug|Any CPU
		{DB760914-E9A8-47A4-88C0-1819D081C6D5}.Debug|Any CPU.Build.0 = Debug|Any CPU
		{DB760914-E9A8-47A4-88C0-1819D081C6D5}.Debug|x64.ActiveCfg = Debug|Any CPU
		{DB760914-E9A8-47A4-88C0-1819D081C6D5}.Debug|x64.Build.0 = Debug|Any CPU
		{DB760914-E9A8-47A4-88C0-1819D081C6D5}.Debug|x86.ActiveCfg = Debug|Any CPU
		{DB760914-E9A8-47A4-88C0-1819D081C6D5}.Debug|x86.Build.0 = Debug|Any CPU
		{DB760914-E9A8-47A4-88C0-1819D081C6D5}.Release|Any CPU.ActiveCfg = Release|Any CPU
		{DB760914-E9A8-47A4-88C0-1819D081C6D5}.Release|Any CPU.Build.0 = Release|Any CPU
		{DB760914-E9A8-47A4-88C0-1819D081C6D5}.Release|x64.ActiveCfg = Release|Any CPU
		{DB760914-E9A8-47A4-88C0-1819D081C6D5}.Release|x64.Build.0 = Release|Any CPU
		{DB760914-E9A8-47A4-88C0-1819D081C6D5}.Release|x86.ActiveCfg = Release|Any CPU
		{DB760914-E9A8-47A4-88C0-1819D081C6D5}.Release|x86.Build.0 = Release|Any CPU
		{8B2F187A-6BD2-42E7-B3E7-595C1D7D9363}.Debug|Any CPU.ActiveCfg = Debug|Any CPU
		{8B2F187A-6BD2-42E7-B3E7-595C1D7D9363}.Debug|Any CPU.Build.0 = Debug|Any CPU
		{8B2F187A-6BD2-42E7-B3E7-595C1D7D9363}.Debug|x64.ActiveCfg = Debug|Any CPU
		{8B2F187A-6BD2-42E7-B3E7-595C1D7D9363}.Debug|x64.Build.0 = Debug|Any CPU
		{8B2F187A-6BD2-42E7-B3E7-595C1D7D9363}.Debug|x86.ActiveCfg = Debug|Any CPU
		{8B2F187A-6BD2-42E7-B3E7-595C1D7D9363}.Debug|x86.Build.0 = Debug|Any CPU
		{8B2F187A-6BD2-42E7-B3E7-595C1D7D9363}.Release|Any CPU.ActiveCfg = Release|Any CPU
		{8B2F187A-6BD2-42E7-B3E7-595C1D7D9363}.Release|Any CPU.Build.0 = Release|Any CPU
		{8B2F187A-6BD2-42E7-B3E7-595C1D7D9363}.Release|x64.ActiveCfg = Release|Any CPU
		{8B2F187A-6BD2-42E7-B3E7-595C1D7D9363}.Release|x64.Build.0 = Release|Any CPU
		{8B2F187A-6BD2-42E7-B3E7-595C1D7D9363}.Release|x86.ActiveCfg = Release|Any CPU
		{8B2F187A-6BD2-42E7-B3E7-595C1D7D9363}.Release|x86.Build.0 = Release|Any CPU
		{B884301F-7F63-4EBC-990F-A4662EA5FE51}.Debug|Any CPU.ActiveCfg = Debug|Any CPU
		{B884301F-7F63-4EBC-990F-A4662EA5FE51}.Debug|Any CPU.Build.0 = Debug|Any CPU
		{B884301F-7F63-4EBC-990F-A4662EA5FE51}.Debug|x64.ActiveCfg = Debug|Any CPU
		{B884301F-7F63-4EBC-990F-A4662EA5FE51}.Debug|x64.Build.0 = Debug|Any CPU
		{B884301F-7F63-4EBC-990F-A4662EA5FE51}.Debug|x86.ActiveCfg = Debug|Any CPU
		{B884301F-7F63-4EBC-990F-A4662EA5FE51}.Debug|x86.Build.0 = Debug|Any CPU
		{B884301F-7F63-4EBC-990F-A4662EA5FE51}.Release|Any CPU.ActiveCfg = Release|Any CPU
		{B884301F-7F63-4EBC-990F-A4662EA5FE51}.Release|Any CPU.Build.0 = Release|Any CPU
		{B884301F-7F63-4EBC-990F-A4662EA5FE51}.Release|x64.ActiveCfg = Release|Any CPU
		{B884301F-7F63-4EBC-990F-A4662EA5FE51}.Release|x64.Build.0 = Release|Any CPU
		{B884301F-7F63-4EBC-990F-A4662EA5FE51}.Release|x86.ActiveCfg = Release|Any CPU
		{B884301F-7F63-4EBC-990F-A4662EA5FE51}.Release|x86.Build.0 = Release|Any CPU
		{831816CC-4A55-4860-9DD1-06AA56F32535}.Debug|Any CPU.ActiveCfg = Debug|Any CPU
		{831816CC-4A55-4860-9DD1-06AA56F32535}.Debug|Any CPU.Build.0 = Debug|Any CPU
		{831816CC-4A55-4860-9DD1-06AA56F32535}.Debug|x64.ActiveCfg = Debug|Any CPU
		{831816CC-4A55-4860-9DD1-06AA56F32535}.Debug|x64.Build.0 = Debug|Any CPU
		{831816CC-4A55-4860-9DD1-06AA56F32535}.Debug|x86.ActiveCfg = Debug|Any CPU
		{831816CC-4A55-4860-9DD1-06AA56F32535}.Debug|x86.Build.0 = Debug|Any CPU
		{831816CC-4A55-4860-9DD1-06AA56F32535}.Release|Any CPU.ActiveCfg = Release|Any CPU
		{831816CC-4A55-4860-9DD1-06AA56F32535}.Release|Any CPU.Build.0 = Release|Any CPU
		{831816CC-4A55-4860-9DD1-06AA56F32535}.Release|x64.ActiveCfg = Release|Any CPU
		{831816CC-4A55-4860-9DD1-06AA56F32535}.Release|x64.Build.0 = Release|Any CPU
		{831816CC-4A55-4860-9DD1-06AA56F32535}.Release|x86.ActiveCfg = Release|Any CPU
		{831816CC-4A55-4860-9DD1-06AA56F32535}.Release|x86.Build.0 = Release|Any CPU
		{1C77D03E-FE49-47FB-B4EF-499A7C4D7E8F}.Debug|Any CPU.ActiveCfg = Debug|Any CPU
		{1C77D03E-FE49-47FB-B4EF-499A7C4D7E8F}.Debug|Any CPU.Build.0 = Debug|Any CPU
		{1C77D03E-FE49-47FB-B4EF-499A7C4D7E8F}.Debug|x64.ActiveCfg = Debug|Any CPU
		{1C77D03E-FE49-47FB-B4EF-499A7C4D7E8F}.Debug|x64.Build.0 = Debug|Any CPU
		{1C77D03E-FE49-47FB-B4EF-499A7C4D7E8F}.Debug|x86.ActiveCfg = Debug|Any CPU
		{1C77D03E-FE49-47FB-B4EF-499A7C4D7E8F}.Debug|x86.Build.0 = Debug|Any CPU
		{1C77D03E-FE49-47FB-B4EF-499A7C4D7E8F}.Release|Any CPU.ActiveCfg = Release|Any CPU
		{1C77D03E-FE49-47FB-B4EF-499A7C4D7E8F}.Release|Any CPU.Build.0 = Release|Any CPU
		{1C77D03E-FE49-47FB-B4EF-499A7C4D7E8F}.Release|x64.ActiveCfg = Release|Any CPU
		{1C77D03E-FE49-47FB-B4EF-499A7C4D7E8F}.Release|x64.Build.0 = Release|Any CPU
		{1C77D03E-FE49-47FB-B4EF-499A7C4D7E8F}.Release|x86.ActiveCfg = Release|Any CPU
		{1C77D03E-FE49-47FB-B4EF-499A7C4D7E8F}.Release|x86.Build.0 = Release|Any CPU
		{22424B4C-6E94-4A4A-BA4E-0B1F6A523AFB}.Debug|Any CPU.ActiveCfg = Debug|Any CPU
		{22424B4C-6E94-4A4A-BA4E-0B1F6A523AFB}.Debug|Any CPU.Build.0 = Debug|Any CPU
		{22424B4C-6E94-4A4A-BA4E-0B1F6A523AFB}.Debug|x64.ActiveCfg = Debug|Any CPU
		{22424B4C-6E94-4A4A-BA4E-0B1F6A523AFB}.Debug|x64.Build.0 = Debug|Any CPU
		{22424B4C-6E94-4A4A-BA4E-0B1F6A523AFB}.Debug|x86.ActiveCfg = Debug|Any CPU
		{22424B4C-6E94-4A4A-BA4E-0B1F6A523AFB}.Debug|x86.Build.0 = Debug|Any CPU
		{22424B4C-6E94-4A4A-BA4E-0B1F6A523AFB}.Release|Any CPU.ActiveCfg = Release|Any CPU
		{22424B4C-6E94-4A4A-BA4E-0B1F6A523AFB}.Release|Any CPU.Build.0 = Release|Any CPU
		{22424B4C-6E94-4A4A-BA4E-0B1F6A523AFB}.Release|x64.ActiveCfg = Release|Any CPU
		{22424B4C-6E94-4A4A-BA4E-0B1F6A523AFB}.Release|x64.Build.0 = Release|Any CPU
		{22424B4C-6E94-4A4A-BA4E-0B1F6A523AFB}.Release|x86.ActiveCfg = Release|Any CPU
		{22424B4C-6E94-4A4A-BA4E-0B1F6A523AFB}.Release|x86.Build.0 = Release|Any CPU
		{68E9290A-B66B-470B-BEB2-BEDAACC08B3A}.Debug|Any CPU.ActiveCfg = Debug|Any CPU
		{68E9290A-B66B-470B-BEB2-BEDAACC08B3A}.Debug|Any CPU.Build.0 = Debug|Any CPU
		{68E9290A-B66B-470B-BEB2-BEDAACC08B3A}.Debug|x64.ActiveCfg = Debug|Any CPU
		{68E9290A-B66B-470B-BEB2-BEDAACC08B3A}.Debug|x64.Build.0 = Debug|Any CPU
		{68E9290A-B66B-470B-BEB2-BEDAACC08B3A}.Debug|x86.ActiveCfg = Debug|Any CPU
		{68E9290A-B66B-470B-BEB2-BEDAACC08B3A}.Debug|x86.Build.0 = Debug|Any CPU
		{68E9290A-B66B-470B-BEB2-BEDAACC08B3A}.Release|Any CPU.ActiveCfg = Release|Any CPU
		{68E9290A-B66B-470B-BEB2-BEDAACC08B3A}.Release|Any CPU.Build.0 = Release|Any CPU
		{68E9290A-B66B-470B-BEB2-BEDAACC08B3A}.Release|x64.ActiveCfg = Release|Any CPU
		{68E9290A-B66B-470B-BEB2-BEDAACC08B3A}.Release|x64.Build.0 = Release|Any CPU
		{68E9290A-B66B-470B-BEB2-BEDAACC08B3A}.Release|x86.ActiveCfg = Release|Any CPU
		{68E9290A-B66B-470B-BEB2-BEDAACC08B3A}.Release|x86.Build.0 = Release|Any CPU
		{27121BB8-3A5D-4CB0-9FCB-8839E58A1C40}.Debug|Any CPU.ActiveCfg = Debug|Any CPU
		{27121BB8-3A5D-4CB0-9FCB-8839E58A1C40}.Debug|Any CPU.Build.0 = Debug|Any CPU
		{27121BB8-3A5D-4CB0-9FCB-8839E58A1C40}.Debug|x64.ActiveCfg = Debug|Any CPU
		{27121BB8-3A5D-4CB0-9FCB-8839E58A1C40}.Debug|x64.Build.0 = Debug|Any CPU
		{27121BB8-3A5D-4CB0-9FCB-8839E58A1C40}.Debug|x86.ActiveCfg = Debug|Any CPU
		{27121BB8-3A5D-4CB0-9FCB-8839E58A1C40}.Debug|x86.Build.0 = Debug|Any CPU
		{27121BB8-3A5D-4CB0-9FCB-8839E58A1C40}.Release|Any CPU.ActiveCfg = Release|Any CPU
		{27121BB8-3A5D-4CB0-9FCB-8839E58A1C40}.Release|Any CPU.Build.0 = Release|Any CPU
		{27121BB8-3A5D-4CB0-9FCB-8839E58A1C40}.Release|x64.ActiveCfg = Release|Any CPU
		{27121BB8-3A5D-4CB0-9FCB-8839E58A1C40}.Release|x64.Build.0 = Release|Any CPU
		{27121BB8-3A5D-4CB0-9FCB-8839E58A1C40}.Release|x86.ActiveCfg = Release|Any CPU
		{27121BB8-3A5D-4CB0-9FCB-8839E58A1C40}.Release|x86.Build.0 = Release|Any CPU
		{0D9E82E6-2083-4904-9231-11081C8415EF}.Debug|Any CPU.ActiveCfg = Debug|Any CPU
		{0D9E82E6-2083-4904-9231-11081C8415EF}.Debug|Any CPU.Build.0 = Debug|Any CPU
		{0D9E82E6-2083-4904-9231-11081C8415EF}.Debug|x64.ActiveCfg = Debug|Any CPU
		{0D9E82E6-2083-4904-9231-11081C8415EF}.Debug|x64.Build.0 = Debug|Any CPU
		{0D9E82E6-2083-4904-9231-11081C8415EF}.Debug|x86.ActiveCfg = Debug|Any CPU
		{0D9E82E6-2083-4904-9231-11081C8415EF}.Debug|x86.Build.0 = Debug|Any CPU
		{0D9E82E6-2083-4904-9231-11081C8415EF}.Release|Any CPU.ActiveCfg = Release|Any CPU
		{0D9E82E6-2083-4904-9231-11081C8415EF}.Release|Any CPU.Build.0 = Release|Any CPU
		{0D9E82E6-2083-4904-9231-11081C8415EF}.Release|x64.ActiveCfg = Release|Any CPU
		{0D9E82E6-2083-4904-9231-11081C8415EF}.Release|x64.Build.0 = Release|Any CPU
		{0D9E82E6-2083-4904-9231-11081C8415EF}.Release|x86.ActiveCfg = Release|Any CPU
		{0D9E82E6-2083-4904-9231-11081C8415EF}.Release|x86.Build.0 = Release|Any CPU
		{0B2FF80A-ECD6-4FC4-BEA9-BFEB3B184202}.Debug|Any CPU.ActiveCfg = Debug|Any CPU
		{0B2FF80A-ECD6-4FC4-BEA9-BFEB3B184202}.Debug|Any CPU.Build.0 = Debug|Any CPU
		{0B2FF80A-ECD6-4FC4-BEA9-BFEB3B184202}.Debug|x64.ActiveCfg = Debug|Any CPU
		{0B2FF80A-ECD6-4FC4-BEA9-BFEB3B184202}.Debug|x64.Build.0 = Debug|Any CPU
		{0B2FF80A-ECD6-4FC4-BEA9-BFEB3B184202}.Debug|x86.ActiveCfg = Debug|Any CPU
		{0B2FF80A-ECD6-4FC4-BEA9-BFEB3B184202}.Debug|x86.Build.0 = Debug|Any CPU
		{0B2FF80A-ECD6-4FC4-BEA9-BFEB3B184202}.Release|Any CPU.ActiveCfg = Release|Any CPU
		{0B2FF80A-ECD6-4FC4-BEA9-BFEB3B184202}.Release|Any CPU.Build.0 = Release|Any CPU
		{0B2FF80A-ECD6-4FC4-BEA9-BFEB3B184202}.Release|x64.ActiveCfg = Release|Any CPU
		{0B2FF80A-ECD6-4FC4-BEA9-BFEB3B184202}.Release|x64.Build.0 = Release|Any CPU
		{0B2FF80A-ECD6-4FC4-BEA9-BFEB3B184202}.Release|x86.ActiveCfg = Release|Any CPU
		{0B2FF80A-ECD6-4FC4-BEA9-BFEB3B184202}.Release|x86.Build.0 = Release|Any CPU
		{B8740E7A-B56E-429F-87C3-244CFE1BCDCC}.Debug|Any CPU.ActiveCfg = Debug|Any CPU
		{B8740E7A-B56E-429F-87C3-244CFE1BCDCC}.Debug|Any CPU.Build.0 = Debug|Any CPU
		{B8740E7A-B56E-429F-87C3-244CFE1BCDCC}.Debug|x64.ActiveCfg = Debug|Any CPU
		{B8740E7A-B56E-429F-87C3-244CFE1BCDCC}.Debug|x64.Build.0 = Debug|Any CPU
		{B8740E7A-B56E-429F-87C3-244CFE1BCDCC}.Debug|x86.ActiveCfg = Debug|Any CPU
		{B8740E7A-B56E-429F-87C3-244CFE1BCDCC}.Debug|x86.Build.0 = Debug|Any CPU
		{B8740E7A-B56E-429F-87C3-244CFE1BCDCC}.Release|Any CPU.ActiveCfg = Release|Any CPU
		{B8740E7A-B56E-429F-87C3-244CFE1BCDCC}.Release|Any CPU.Build.0 = Release|Any CPU
		{B8740E7A-B56E-429F-87C3-244CFE1BCDCC}.Release|x64.ActiveCfg = Release|Any CPU
		{B8740E7A-B56E-429F-87C3-244CFE1BCDCC}.Release|x64.Build.0 = Release|Any CPU
		{B8740E7A-B56E-429F-87C3-244CFE1BCDCC}.Release|x86.ActiveCfg = Release|Any CPU
		{B8740E7A-B56E-429F-87C3-244CFE1BCDCC}.Release|x86.Build.0 = Release|Any CPU
	EndGlobalSection
	GlobalSection(NestedProjects) = preSolution
		{900F5E87-24AD-44E6-A242-F0FDFD13B7D3} = {B08E661D-B252-4338-8217-65BDC8966EE7}
		{DB760914-E9A8-47A4-88C0-1819D081C6D5} = {B08E661D-B252-4338-8217-65BDC8966EE7}
		{8B2F187A-6BD2-42E7-B3E7-595C1D7D9363} = {B08E661D-B252-4338-8217-65BDC8966EE7}
		{B884301F-7F63-4EBC-990F-A4662EA5FE51} = {B08E661D-B252-4338-8217-65BDC8966EE7}
		{831816CC-4A55-4860-9DD1-06AA56F32535} = {B08E661D-B252-4338-8217-65BDC8966EE7}
		{1C77D03E-FE49-47FB-B4EF-499A7C4D7E8F} = {6D1A3CF1-ED74-4A0E-967D-0D81B86530B0}
		{22424B4C-6E94-4A4A-BA4E-0B1F6A523AFB} = {6D1A3CF1-ED74-4A0E-967D-0D81B86530B0}
		{68E9290A-B66B-470B-BEB2-BEDAACC08B3A} = {6D1A3CF1-ED74-4A0E-967D-0D81B86530B0}
		{27121BB8-3A5D-4CB0-9FCB-8839E58A1C40} = {D1D44751-31A1-427A-BB7F-FCC18C5410E9}
		{0D9E82E6-2083-4904-9231-11081C8415EF} = {D1D44751-31A1-427A-BB7F-FCC18C5410E9}
		{0B2FF80A-ECD6-4FC4-BEA9-BFEB3B184202} = {6D1A3CF1-ED74-4A0E-967D-0D81B86530B0}
		{B8740E7A-B56E-429F-87C3-244CFE1BCDCC} = {6D1A3CF1-ED74-4A0E-967D-0D81B86530B0}
	EndGlobalSection
EndGlobal
