
Microsoft Visual Studio Solution File, Format Version 12.00
# Visual Studio Version 16
VisualStudioVersion = 16.0.30114.105
MinimumVisualStudioVersion = 10.0.40219.1
Project("{2150E333-8FDC-42A3-9474-1A3956D46DE8}") = "src", "src", "{592B6764-85E8-44C1-92CA-095783DAEF1E}"
EndProject
Project("{FAE04EC0-301F-11D3-BF4B-00C04F79EFBC}") = "Warehouse", "src\Warehouse\Warehouse.csproj", "{C80E5511-E951-4E4B-87B3-716999F6C781}"
EndProject
Project("{FAE04EC0-301F-11D3-BF4B-00C04F79EFBC}") = "Warehouse.Abstractions", "src\Warehouse.Abstractions\Warehouse.Abstractions.csproj", "{7323997D-AB0F-4D1C-9756-A53946F1C5E0}"
EndProject
Project("{FAE04EC0-301F-11D3-BF4B-00C04F79EFBC}") = "Warehouse.Database", "src\Warehouse.Database\Warehouse.Database.csproj", "{6C893F27-CFDD-4BB2-AC5D-2BA5E9CE2A04}"
EndProject
Project("{FAE04EC0-301F-11D3-BF4B-00C04F79EFBC}") = "Warehouse.MySQL", "src\Warehouse.MySQL\Warehouse.MySQL.csproj", "{478D6ADC-62B5-4EDA-B846-B212B0294B9B}"
EndProject
Project("{FAE04EC0-301F-11D3-BF4B-00C04F79EFBC}") = "Warehouse.PostgreSQL", "src\Warehouse.PostgreSQL\Warehouse.PostgreSQL.csproj", "{CB76F3F2-DA58-4A3C-BD9D-DB8AF32DA47C}"
EndProject
Project("{FAE04EC0-301F-11D3-BF4B-00C04F79EFBC}") = "Warehouse.SqlServer", "src\Warehouse.SqlServer\Warehouse.SqlServer.csproj", "{4F598569-BB44-413F-AE33-4A9B84687D20}"
EndProject
Project("{2150E333-8FDC-42A3-9474-1A3956D46DE8}") = "test", "test", "{7F6CBA1A-5F06-4630-A34A-13AB4FFB86E3}"
EndProject
Project("{FAE04EC0-301F-11D3-BF4B-00C04F79EFBC}") = "Warehouse.Database.Tests", "test\Warehouse.Database.Tests\Warehouse.Database.Tests.csproj", "{9E48849F-41C3-40E6-9624-778AD34C0C3C}"
EndProject
Project("{FAE04EC0-301F-11D3-BF4B-00C04F79EFBC}") = "Warehouse.MySQL.FunctionalTests", "test\Warehouse.MySQL.FunctionalTests\Warehouse.MySQL.FunctionalTests.csproj", "{7FFA86C1-3506-40F6-ADBB-32359978D761}"
EndProject
Project("{FAE04EC0-301F-11D3-BF4B-00C04F79EFBC}") = "Warehouse.PostgreSQL.FunctionalTests", "test\Warehouse.PostgreSQL.FunctionalTests\Warehouse.PostgreSQL.FunctionalTests.csproj", "{D6E4ECBC-5AEC-4999-93BA-9E452D1C428E}"
EndProject
Project("{FAE04EC0-301F-11D3-BF4B-00C04F79EFBC}") = "Warehouse.SqlServer.FunctionalTests", "test\Warehouse.SqlServer.FunctionalTests\Warehouse.SqlServer.FunctionalTests.csproj", "{D0F6CFE4-87B5-4E43-A3C8-D502F980BEEF}"
EndProject
Project("{FAE04EC0-301F-11D3-BF4B-00C04F79EFBC}") = "Warehouse.Tests", "test\Warehouse.Tests\Warehouse.Tests.csproj", "{9FD696F2-E06A-4A73-A282-3E86F01D69DF}"
EndProject
Global
	GlobalSection(SolutionConfigurationPlatforms) = preSolution
		Debug|Any CPU = Debug|Any CPU
		Release|Any CPU = Release|Any CPU
	EndGlobalSection
	GlobalSection(SolutionProperties) = preSolution
		HideSolutionNode = FALSE
	EndGlobalSection
	GlobalSection(ProjectConfigurationPlatforms) = postSolution
		{C80E5511-E951-4E4B-87B3-716999F6C781}.Debug|Any CPU.ActiveCfg = Debug|Any CPU
		{C80E5511-E951-4E4B-87B3-716999F6C781}.Debug|Any CPU.Build.0 = Debug|Any CPU
		{C80E5511-E951-4E4B-87B3-716999F6C781}.Release|Any CPU.ActiveCfg = Release|Any CPU
		{C80E5511-E951-4E4B-87B3-716999F6C781}.Release|Any CPU.Build.0 = Release|Any CPU
		{7323997D-AB0F-4D1C-9756-A53946F1C5E0}.Debug|Any CPU.ActiveCfg = Debug|Any CPU
		{7323997D-AB0F-4D1C-9756-A53946F1C5E0}.Debug|Any CPU.Build.0 = Debug|Any CPU
		{7323997D-AB0F-4D1C-9756-A53946F1C5E0}.Release|Any CPU.ActiveCfg = Release|Any CPU
		{7323997D-AB0F-4D1C-9756-A53946F1C5E0}.Release|Any CPU.Build.0 = Release|Any CPU
		{6C893F27-CFDD-4BB2-AC5D-2BA5E9CE2A04}.Debug|Any CPU.ActiveCfg = Debug|Any CPU
		{6C893F27-CFDD-4BB2-AC5D-2BA5E9CE2A04}.Debug|Any CPU.Build.0 = Debug|Any CPU
		{6C893F27-CFDD-4BB2-AC5D-2BA5E9CE2A04}.Release|Any CPU.ActiveCfg = Release|Any CPU
		{6C893F27-CFDD-4BB2-AC5D-2BA5E9CE2A04}.Release|Any CPU.Build.0 = Release|Any CPU
		{478D6ADC-62B5-4EDA-B846-B212B0294B9B}.Debug|Any CPU.ActiveCfg = Debug|Any CPU
		{478D6ADC-62B5-4EDA-B846-B212B0294B9B}.Debug|Any CPU.Build.0 = Debug|Any CPU
		{478D6ADC-62B5-4EDA-B846-B212B0294B9B}.Release|Any CPU.ActiveCfg = Release|Any CPU
		{478D6ADC-62B5-4EDA-B846-B212B0294B9B}.Release|Any CPU.Build.0 = Release|Any CPU
		{CB76F3F2-DA58-4A3C-BD9D-DB8AF32DA47C}.Debug|Any CPU.ActiveCfg = Debug|Any CPU
		{CB76F3F2-DA58-4A3C-BD9D-DB8AF32DA47C}.Debug|Any CPU.Build.0 = Debug|Any CPU
		{CB76F3F2-DA58-4A3C-BD9D-DB8AF32DA47C}.Release|Any CPU.ActiveCfg = Release|Any CPU
		{CB76F3F2-DA58-4A3C-BD9D-DB8AF32DA47C}.Release|Any CPU.Build.0 = Release|Any CPU
		{4F598569-BB44-413F-AE33-4A9B84687D20}.Debug|Any CPU.ActiveCfg = Debug|Any CPU
		{4F598569-BB44-413F-AE33-4A9B84687D20}.Debug|Any CPU.Build.0 = Debug|Any CPU
		{4F598569-BB44-413F-AE33-4A9B84687D20}.Release|Any CPU.ActiveCfg = Release|Any CPU
		{4F598569-BB44-413F-AE33-4A9B84687D20}.Release|Any CPU.Build.0 = Release|Any CPU
		{9E48849F-41C3-40E6-9624-778AD34C0C3C}.Debug|Any CPU.ActiveCfg = Debug|Any CPU
		{9E48849F-41C3-40E6-9624-778AD34C0C3C}.Debug|Any CPU.Build.0 = Debug|Any CPU
		{9E48849F-41C3-40E6-9624-778AD34C0C3C}.Release|Any CPU.ActiveCfg = Release|Any CPU
		{9E48849F-41C3-40E6-9624-778AD34C0C3C}.Release|Any CPU.Build.0 = Release|Any CPU
		{7FFA86C1-3506-40F6-ADBB-32359978D761}.Debug|Any CPU.ActiveCfg = Debug|Any CPU
		{7FFA86C1-3506-40F6-ADBB-32359978D761}.Debug|Any CPU.Build.0 = Debug|Any CPU
		{7FFA86C1-3506-40F6-ADBB-32359978D761}.Release|Any CPU.ActiveCfg = Release|Any CPU
		{7FFA86C1-3506-40F6-ADBB-32359978D761}.Release|Any CPU.Build.0 = Release|Any CPU
		{D6E4ECBC-5AEC-4999-93BA-9E452D1C428E}.Debug|Any CPU.ActiveCfg = Debug|Any CPU
		{D6E4ECBC-5AEC-4999-93BA-9E452D1C428E}.Debug|Any CPU.Build.0 = Debug|Any CPU
		{D6E4ECBC-5AEC-4999-93BA-9E452D1C428E}.Release|Any CPU.ActiveCfg = Release|Any CPU
		{D6E4ECBC-5AEC-4999-93BA-9E452D1C428E}.Release|Any CPU.Build.0 = Release|Any CPU
		{D0F6CFE4-87B5-4E43-A3C8-D502F980BEEF}.Debug|Any CPU.ActiveCfg = Debug|Any CPU
		{D0F6CFE4-87B5-4E43-A3C8-D502F980BEEF}.Debug|Any CPU.Build.0 = Debug|Any CPU
		{D0F6CFE4-87B5-4E43-A3C8-D502F980BEEF}.Release|Any CPU.ActiveCfg = Release|Any CPU
		{D0F6CFE4-87B5-4E43-A3C8-D502F980BEEF}.Release|Any CPU.Build.0 = Release|Any CPU
		{9FD696F2-E06A-4A73-A282-3E86F01D69DF}.Debug|Any CPU.ActiveCfg = Debug|Any CPU
		{9FD696F2-E06A-4A73-A282-3E86F01D69DF}.Debug|Any CPU.Build.0 = Debug|Any CPU
		{9FD696F2-E06A-4A73-A282-3E86F01D69DF}.Release|Any CPU.ActiveCfg = Release|Any CPU
		{9FD696F2-E06A-4A73-A282-3E86F01D69DF}.Release|Any CPU.Build.0 = Release|Any CPU
	EndGlobalSection
	GlobalSection(NestedProjects) = preSolution
		{C80E5511-E951-4E4B-87B3-716999F6C781} = {592B6764-85E8-44C1-92CA-095783DAEF1E}
		{7323997D-AB0F-4D1C-9756-A53946F1C5E0} = {592B6764-85E8-44C1-92CA-095783DAEF1E}
		{6C893F27-CFDD-4BB2-AC5D-2BA5E9CE2A04} = {592B6764-85E8-44C1-92CA-095783DAEF1E}
		{478D6ADC-62B5-4EDA-B846-B212B0294B9B} = {592B6764-85E8-44C1-92CA-095783DAEF1E}
		{CB76F3F2-DA58-4A3C-BD9D-DB8AF32DA47C} = {592B6764-85E8-44C1-92CA-095783DAEF1E}
		{4F598569-BB44-413F-AE33-4A9B84687D20} = {592B6764-85E8-44C1-92CA-095783DAEF1E}
		{9E48849F-41C3-40E6-9624-778AD34C0C3C} = {7F6CBA1A-5F06-4630-A34A-13AB4FFB86E3}
		{7FFA86C1-3506-40F6-ADBB-32359978D761} = {7F6CBA1A-5F06-4630-A34A-13AB4FFB86E3}
		{D6E4ECBC-5AEC-4999-93BA-9E452D1C428E} = {7F6CBA1A-5F06-4630-A34A-13AB4FFB86E3}
		{D0F6CFE4-87B5-4E43-A3C8-D502F980BEEF} = {7F6CBA1A-5F06-4630-A34A-13AB4FFB86E3}
		{9FD696F2-E06A-4A73-A282-3E86F01D69DF} = {7F6CBA1A-5F06-4630-A34A-13AB4FFB86E3}
	EndGlobalSection
EndGlobal
